filippo.io/edwards25519 v1.1.0 h1:FNf4tywRC1HmFuKW5xopWpigGjJKiJSV0Cqo0cJWDaA=
filippo.io/edwards25519 v1.1.0/go.mod h1:BxyFTGdWcka3PhytdK4V28tE5sGfRvvvRV7EaN4VDT4=
filippo.io/nistec v0.0.3 h1:h336Je2jRDZdBCLy2fLDUd9E2unG32JLwcJi0JQE9Cw=
filippo.io/nistec v0.0.3/go.mod h1:84fxC9mi+MhC2AERXI4LSa8cmSVOzrFikg6hZ4IfCyw=
github.com/bytemare/crypto v0.6.0 h1:wTsJ1jAcCMqDYWP4W2W5wBI36gU9s3nnz1Xmec89n7E=
github.com/bytemare/crypto v0.6.0/go.mod h1:JSO2mlWIuYZHTxeO02xQTf+0tFX9Gue7OsUrEGGYN8Q=
github.com/bytemare/hash v0.3.0 h1:RqFMt3mqpF7UxLdjBrsOZm/2cz0cQiAOnYc9gDLopWE=
github.com/bytemare/hash v0.3.0/go.mod h1:YKOBchL0l8hRLFinVCL8YUKokGNIMhrWEHPHo3EV7/M=
github.com/bytemare/hash v0.5.0 h1:2NzJBwcXasU9AuT7G8wDxRu34yjkcTWm7EEq4/EgrJA=
github.com/bytemare/hash v0.5.0/go.mod h1:5Lt9w7q/u4mWisABZG1X7YvS4QtHvvQBJwHuPM/ikGE=
github.com/bytemare/hash2curve v0.3.0 h1:41Npcbc+u/E252A5aCMtxDcz7JPkkX1QzShneTFm4eg=
github.com/bytemare/hash2curve v0.3.0/go.mod h1:itj45U8uqvCtWC0eCswIHVHswXcEHkpFui7gfJdPSfQ=
github.com/bytemare/ksf v0.1.0 h1:t0VobAtBVSb1SyX1RltuZ+c4gVVHLKQnUN5oYd3o3qc=
github.com/bytemare/ksf v0.1.0/go.mod h1:wKBp7KmpY482R8lOfcGFh01MsJEU0vZHw8qFEMzNoRU=
github.com/bytemare/secp256k1 v0.1.2 h1:aM+p/+0y1h0SZWqS/yzjGPzffVFubJvwLjUgodFEWOo=
github.com/bytemare/secp256k1 v0.1.2/go.mod h1:Pxb9miDs8PTt5mOktvvXiRflvLxI1wdxbXrc6IYsaho=
github.com/gtank/ristretto255 v0.1.2 h1:JEqUCPA1NvLq5DwYtuzigd7ss8fwbYay9fi4/5uMzcc=
github.com/gtank/ristretto255 v0.1.2/go.mod h1:Ph5OpO6c7xKUGROZfWVLiJf9icMDwUeIvY4OmlYW69o=
golang.org/x/crypto v0.22.0 h1:g1v0xeRhjcugydODzvb3mEM9SQ0HGp9s/nh3COQ/C30=
golang.org/x/crypto v0.22.0/go.mod h1:vr6Su+7cTlO45qkww3VDJlzDn0ctJvRgYbC2NvXHt+M=
golang.org/x/crypto v0.33.0 h1:IOBPskki6Lysi0lo9qQvbxiQ+FvsCC/YWOecCHAixus=
golang.org/x/crypto v0.33.0/go.mod h1:bVdXmD7IV/4GdElGPozy6U7lWdRXA4qyRVGJV57uQ5M=
golang.org/x/sys v0.19.0 h1:q5f1RH2jigJ1MoAWp2KTp3gm5zAGFUTarQZ5U386+4o=
golang.org/x/sys v0.19.0/go.mod h1:/VUhepiaJMQUp4+oa/7Zr1D23ma6VTLIYjOOTFZPUcA=
golang.org/x/sys v0.30.0 h1:QjkSwP/36a20jFYWkSue1YwXzLmsV5Gfq7Eiy72C1uc=
golang.org/x/sys v0.30.0/go.mod h1:/VUhepiaJMQUp4+oa/7Zr1D23ma6VTLIYjOOTFZPUcA=
