filippo.io/edwards25519 v1.0.0 h1:0wAIcmJUqRdI8IJ/3eGi5/HwXZWPujYXXlkrQogz0Ek=
filippo.io/edwards25519 v1.0.0/go.mod h1:N1IkdkCkiLB6tki+MYJoSx2JTY9NUlxZE7eHn5EwJns=
filippo.io/nistec v0.0.0-20220513155737-c4b6d02e738c h1:x4epP2lA8b5UYoIFjcVpN+MfJQeX5M5Yilmc1VH0YDw=
filippo.io/nistec v0.0.0-20220513155737-c4b6d02e738c/go.mod h1:84fxC9mi+MhC2AERXI4LSa8cmSVOzrFikg6hZ4IfCyw=
github.com/bytemare/crypto v0.4.0 h1:uXUg5wGuITYF0HnGyAyASiuCaUQadtCh2ULeXjj2cN4=
github.com/bytemare/crypto v0.4.0/go.mod h1:O/pUglImCf2zLj7Ii1FZAaDb4hEV5jcEZCgXVRx4blQ=
github.com/bytemare/hash v0.1.3 h1:E2v/+gqvLTjaR8W2JdhqaB2L9161yFBlSXDnYEyMt94=
github.com/bytemare/hash v0.1.3/go.mod h1:5WJSSK+ftRTLt9fOMHT+S4eXTTAb0Uz+NJJZKHLKovM=
github.com/bytemare/hash2curve v0.1.2 h1:V/TSdU/WsfYS3Bk73ap+odLCOOm2/B02rKE8lb91djI=
github.com/bytemare/hash2curve v0.1.2/go.mod h1:S+OcM3nIREThTmjkFa+nX6vqGH11nEzefaIYq7MVAp4=
github.com/bytemare/ksf v0.1.0 h1:t0VobAtBVSb1SyX1RltuZ+c4gVVHLKQnUN5oYd3o3qc=
github.com/bytemare/ksf v0.1.0/go.mod h1:wKBp7KmpY482R8lOfcGFh01MsJEU0vZHw8qFEMzNoRU=
github.com/gtank/ristretto255 v0.1.2 h1:JEqUCPA1NvLq5DwYtuzigd7ss8fwbYay9fi4/5uMzcc=
github.com/gtank/ristretto255 v0.1.2/go.mod h1:Ph5OpO6c7xKUGROZfWVLiJf9icMDwUeIvY4OmlYW69o=
golang.org/x/crypto v0.4.0 h1:UVQgzMY87xqpKNgb+kDsll2Igd33HszWHFLmpaRMq/8=
golang.org/x/crypto v0.4.0/go.mod h1:3quD/ATkf6oY+rnes5c3ExXTbLc8mueNue5/DoinL80=
golang.org/x/sys v0.3.0 h1:w8ZOecv6NaNa/zC8944JTU3vz4u6Lagfk4RPQxv92NQ=
golang.org/x/sys v0.3.0/go.mod h1:oPkhp1MJrh7nUepCBck5+mAzfO9JrbApNNgaTdGDITg=
