filippo.io/edwards25519 v1.1.0 h1:FNf4tywRC1HmFuKW5xopWpigGjJKiJSV0Cqo0cJWDaA=
filippo.io/edwards25519 v1.1.0/go.mod h1:BxyFTGdWcka3PhytdK4V28tE5sGfRvvvRV7EaN4VDT4=
filippo.io/nistec v0.0.3 h1:h336Je2jRDZdBCLy2fLDUd9E2unG32JLwcJi0JQE9Cw=
filippo.io/nistec v0.0.3/go.mod h1:84fxC9mi+MhC2AERXI4LSa8cmSVOzrFikg6hZ4IfCyw=
github.com/bytemare/crypto v0.7.5 h1:aRZzSmRZFlPt4ydpI5KKr+UQbzNd1559mNnRj9tNjRw=
github.com/bytemare/crypto v0.7.5/go.mod h1:qRA6Tdg0Q9zMTuxeKkyVtEyDAgIuwM0YN5tffzFQJQw=
github.com/bytemare/hash v0.3.0 h1:RqFMt3mqpF7UxLdjBrsOZm/2cz0cQiAOnYc9gDLopWE=
github.com/bytemare/hash v0.3.0/go.mod h1:YKOBchL0l8hRLFinVCL8YUKokGNIMhrWEHPHo3EV7/M=
github.com/bytemare/hash2curve v0.3.0 h1:41Npcbc+u/E252A5aCMtxDcz7JPkkX1QzShneTFm4eg=
github.com/bytemare/hash2curve v0.3.0/go.mod h1:itj45U8uqvCtWC0eCswIHVHswXcEHkpFui7gfJdPSfQ=
github.com/bytemare/ksf v0.1.0 h1:t0VobAtBVSb1SyX1RltuZ+c4gVVHLKQnUN5oYd3o3qc=
github.com/bytemare/ksf v0.1.0/go.mod h1:wKBp7KmpY482R8lOfcGFh01MsJEU0vZHw8qFEMzNoRU=
github.com/bytemare/secp256k1 v0.1.4 h1:6F1yP6RiUiWwH7AsGHsHktmHm24QcetdDcc39roBd2M=
github.com/bytemare/secp256k1 v0.1.4/go.mod h1:Pxb9miDs8PTt5mOktvvXiRflvLxI1wdxbXrc6IYsaho=
github.com/gtank/ristretto255 v0.1.2 h1:JEqUCPA1NvLq5DwYtuzigd7ss8fwbYay9fi4/5uMzcc=
github.com/gtank/ristretto255 v0.1.2/go.mod h1:Ph5OpO6c7xKUGROZfWVLiJf9icMDwUeIvY4OmlYW69o=
golang.org/x/crypto v0.25.0 h1:ypSNr+bnYL2YhwoMt2zPxHFmbAN1KZs/njMG3hxUp30=
golang.org/x/crypto v0.25.0/go.mod h1:T+wALwcMOSE0kXgUAnPAHqTLW+XHgcELELW8VaDgm/M=
golang.org/x/sys v0.22.0 h1:RI27ohtqKCnwULzJLqkv897zojh5/DwS/ENaMzUOaWI=
golang.org/x/sys v0.22.0/go.mod h1:/VUhepiaJMQUp4+oa/7Zr1D23ma6VTLIYjOOTFZPUcA=
